{
  "name": "slop99",
  "lockfileVersion": 3,
  "requires": true,
  "packages": {
    "": {
      "dependencies": {
        "cursor-effects": "^1.0.18"
      }
    },
    "node_modules/cursor-effects": {
      "version": "1.0.18",
      "resolved": "https://registry.npmjs.org/cursor-effects/-/cursor-effects-1.0.18.tgz",
      "integrity": "sha512-GCmSfiuoBjcOq2e4IewxYvOTAjPVVy0MSxhiyQ1Rz+Obsy9mG5NAd4+utIPhu8RxvlrjjDD/d1XSFY0BL3fp7g==",
      "license": "MIT"
    }
  }
}
